// !$*UTF8*$!
{
	archiveVersion = 1;
	classes = {
	};
	objectVersion = 46;
	objects = {

/* Begin PBXBuildFile section */
		50A143927566A68C3914DCD3 /* Pods_InstagramFirebase.framework in Frameworks */ = {isa = PBXBuildFile; fileRef = C15CFF6F72CFD2FFC52F74DE /* Pods_InstagramFirebase.framework */; };
		5A3EEB821F127C2200626949 /* MainTabBarController.swift in Sources */ = {isa = PBXBuildFile; fileRef = 5A3EEB811F127C2200626949 /* MainTabBarController.swift */; };
		5A3EEB841F127D0A00626949 /* UserProfileController.swift in Sources */ = {isa = PBXBuildFile; fileRef = 5A3EEB831F127D0A00626949 /* UserProfileController.swift */; };
		5A3EEB871F1285C600626949 /* UserProfileHeader.swift in Sources */ = {isa = PBXBuildFile; fileRef = 5A3EEB861F1285C600626949 /* UserProfileHeader.swift */; };
		5A3EEB891F128F5000626949 /* User.swift in Sources */ = {isa = PBXBuildFile; fileRef = 5A3EEB881F128F5000626949 /* User.swift */; };
		5AFBF19E1F06CD3000CA335D /* AppDelegate.swift in Sources */ = {isa = PBXBuildFile; fileRef = 5AFBF19D1F06CD3000CA335D /* AppDelegate.swift */; };
		5AFBF1A01F06CD3000CA335D /* ViewController.swift in Sources */ = {isa = PBXBuildFile; fileRef = 5AFBF19F1F06CD3000CA335D /* ViewController.swift */; };
		5AFBF1A31F06CD3000CA335D /* Main.storyboard in Resources */ = {isa = PBXBuildFile; fileRef = 5AFBF1A11F06CD3000CA335D /* Main.storyboard */; };
		5AFBF1A51F06CD3000CA335D /* Assets.xcassets in Resources */ = {isa = PBXBuildFile; fileRef = 5AFBF1A41F06CD3000CA335D /* Assets.xcassets */; };
		5AFBF1A81F06CD3000CA335D /* LaunchScreen.storyboard in Resources */ = {isa = PBXBuildFile; fileRef = 5AFBF1A61F06CD3000CA335D /* LaunchScreen.storyboard */; };
		5AFBF1B31F06CD3000CA335D /* InstagramFirebaseTests.swift in Sources */ = {isa = PBXBuildFile; fileRef = 5AFBF1B21F06CD3000CA335D /* InstagramFirebaseTests.swift */; };
		5AFBF1BE1F06CD3000CA335D /* InstagramFirebaseUITests.swift in Sources */ = {isa = PBXBuildFile; fileRef = 5AFBF1BD1F06CD3000CA335D /* InstagramFirebaseUITests.swift */; };
		5AFBF1CD1F06D81A00CA335D /* Extensions.swift in Sources */ = {isa = PBXBuildFile; fileRef = 5AFBF1CC1F06D81A00CA335D /* Extensions.swift */; };
		5AFBF1CF1F06E03100CA335D /* GoogleService-Info.plist in Resources */ = {isa = PBXBuildFile; fileRef = 5AFBF1CE1F06E03100CA335D /* GoogleService-Info.plist */; };
		8A117AD1AA1980DD492B4E8C /* Pods_InstagramFirebaseTests.framework in Frameworks */ = {isa = PBXBuildFile; fileRef = 00E6DE0F5B8EA5158C18EE59 /* Pods_InstagramFirebaseTests.framework */; };
		D6DB9C52948337E1F6597A9F /* Pods_InstagramFirebaseUITests.framework in Frameworks */ = {isa = PBXBuildFile; fileRef = 8CE2C11093112D93A84B7861 /* Pods_InstagramFirebaseUITests.framework */; };
/* End PBXBuildFile section */

/* Begin PBXContainerItemProxy section */
		5AFBF1AF1F06CD3000CA335D /* PBXContainerItemProxy */ = {
			isa = PBXContainerItemProxy;
			containerPortal = 5AFBF1921F06CD3000CA335D /* Project object */;
			proxyType = 1;
			remoteGlobalIDString = 5AFBF1991F06CD3000CA335D;
			remoteInfo = InstagramFirebase;
		};
		5AFBF1BA1F06CD3000CA335D /* PBXContainerItemProxy */ = {
			isa = PBXContainerItemProxy;
			containerPortal = 5AFBF1921F06CD3000CA335D /* Project object */;
			proxyType = 1;
			remoteGlobalIDString = 5AFBF1991F06CD3000CA335D;
			remoteInfo = InstagramFirebase;
		};
/* End PBXContainerItemProxy section */

/* Begin PBXFileReference section */
		00E6DE0F5B8EA5158C18EE59 /* Pods_InstagramFirebaseTests.framework */ = {isa = PBXFileReference; explicitFileType = wrapper.framework; includeInIndex = 0; path = Pods_InstagramFirebaseTests.framework; sourceTree = BUILT_PRODUCTS_DIR; };
		3721FAD6DE047D84B3335B58 /* Pods-InstagramFirebaseUITests.release.xcconfig */ = {isa = PBXFileReference; includeInIndex = 1; lastKnownFileType = text.xcconfig; name = "Pods-InstagramFirebaseUITests.release.xcconfig"; path = "Pods/Target Support Files/Pods-InstagramFirebaseUITests/Pods-InstagramFirebaseUITests.release.xcconfig"; sourceTree = "<group>"; };
		5A3EEB811F127C2200626949 /* MainTabBarController.swift */ = {isa = PBXFileReference; fileEncoding = 4; lastKnownFileType = sourcecode.swift; path = MainTabBarController.swift; sourceTree = "<group>"; };
		5A3EEB831F127D0A00626949 /* UserProfileController.swift */ = {isa = PBXFileReference; fileEncoding = 4; lastKnownFileType = sourcecode.swift; path = UserProfileController.swift; sourceTree = "<group>"; };
		5A3EEB861F1285C600626949 /* UserProfileHeader.swift */ = {isa = PBXFileReference; fileEncoding = 4; lastKnownFileType = sourcecode.swift; path = UserProfileHeader.swift; sourceTree = "<group>"; };
		5A3EEB881F128F5000626949 /* User.swift */ = {isa = PBXFileReference; fileEncoding = 4; lastKnownFileType = sourcecode.swift; path = User.swift; sourceTree = "<group>"; };
		5AFBF19A1F06CD3000CA335D /* InstagramFirebase.app */ = {isa = PBXFileReference; explicitFileType = wrapper.application; includeInIndex = 0; path = InstagramFirebase.app; sourceTree = BUILT_PRODUCTS_DIR; };
		5AFBF19D1F06CD3000CA335D /* AppDelegate.swift */ = {isa = PBXFileReference; lastKnownFileType = sourcecode.swift; path = AppDelegate.swift; sourceTree = "<group>"; };
		5AFBF19F1F06CD3000CA335D /* ViewController.swift */ = {isa = PBXFileReference; lastKnownFileType = sourcecode.swift; path = ViewController.swift; sourceTree = "<group>"; };
		5AFBF1A21F06CD3000CA335D /* Base */ = {isa = PBXFileReference; lastKnownFileType = file.storyboard; name = Base; path = Base.lproj/Main.storyboard; sourceTree = "<group>"; };
		5AFBF1A41F06CD3000CA335D /* Assets.xcassets */ = {isa = PBXFileReference; lastKnownFileType = folder.assetcatalog; path = Assets.xcassets; sourceTree = "<group>"; };
		5AFBF1A71F06CD3000CA335D /* Base */ = {isa = PBXFileReference; lastKnownFileType = file.storyboard; name = Base; path = Base.lproj/LaunchScreen.storyboard; sourceTree = "<group>"; };
		5AFBF1A91F06CD3000CA335D /* Info.plist */ = {isa = PBXFileReference; lastKnownFileType = text.plist.xml; path = Info.plist; sourceTree = "<group>"; };
		5AFBF1AE1F06CD3000CA335D /* InstagramFirebaseTests.xctest */ = {isa = PBXFileReference; explicitFileType = wrapper.cfbundle; includeInIndex = 0; path = InstagramFirebaseTests.xctest; sourceTree = BUILT_PRODUCTS_DIR; };
		5AFBF1B21F06CD3000CA335D /* InstagramFirebaseTests.swift */ = {isa = PBXFileReference; lastKnownFileType = sourcecode.swift; path = InstagramFirebaseTests.swift; sourceTree = "<group>"; };
		5AFBF1B41F06CD3000CA335D /* Info.plist */ = {isa = PBXFileReference; lastKnownFileType = text.plist.xml; path = Info.plist; sourceTree = "<group>"; };
		5AFBF1B91F06CD3000CA335D /* InstagramFirebaseUITests.xctest */ = {isa = PBXFileReference; explicitFileType = wrapper.cfbundle; includeInIndex = 0; path = InstagramFirebaseUITests.xctest; sourceTree = BUILT_PRODUCTS_DIR; };
		5AFBF1BD1F06CD3000CA335D /* InstagramFirebaseUITests.swift */ = {isa = PBXFileReference; lastKnownFileType = sourcecode.swift; path = InstagramFirebaseUITests.swift; sourceTree = "<group>"; };
		5AFBF1BF1F06CD3000CA335D /* Info.plist */ = {isa = PBXFileReference; lastKnownFileType = text.plist.xml; path = Info.plist; sourceTree = "<group>"; };
		5AFBF1CC1F06D81A00CA335D /* Extensions.swift */ = {isa = PBXFileReference; fileEncoding = 4; lastKnownFileType = sourcecode.swift; path = Extensions.swift; sourceTree = "<group>"; };
		5AFBF1CE1F06E03100CA335D /* GoogleService-Info.plist */ = {isa = PBXFileReference; fileEncoding = 4; lastKnownFileType = text.plist.xml; path = "GoogleService-Info.plist"; sourceTree = "<group>"; };
		7FD058FD19F02B260C847EB3 /* Pods-InstagramFirebase.debug.xcconfig */ = {isa = PBXFileReference; includeInIndex = 1; lastKnownFileType = text.xcconfig; name = "Pods-InstagramFirebase.debug.xcconfig"; path = "Pods/Target Support Files/Pods-InstagramFirebase/Pods-InstagramFirebase.debug.xcconfig"; sourceTree = "<group>"; };
		8CE2C11093112D93A84B7861 /* Pods_InstagramFirebaseUITests.framework */ = {isa = PBXFileReference; explicitFileType = wrapper.framework; includeInIndex = 0; path = Pods_InstagramFirebaseUITests.framework; sourceTree = BUILT_PRODUCTS_DIR; };
		AD578CB4800216CBDD825E84 /* Pods-InstagramFirebaseTests.release.xcconfig */ = {isa = PBXFileReference; includeInIndex = 1; lastKnownFileType = text.xcconfig; name = "Pods-InstagramFirebaseTests.release.xcconfig"; path = "Pods/Target Support Files/Pods-InstagramFirebaseTests/Pods-InstagramFirebaseTests.release.xcconfig"; sourceTree = "<group>"; };
		C15CFF6F72CFD2FFC52F74DE /* Pods_InstagramFirebase.framework */ = {isa = PBXFileReference; explicitFileType = wrapper.framework; includeInIndex = 0; path = Pods_InstagramFirebase.framework; sourceTree = BUILT_PRODUCTS_DIR; };
		D5ECE2B658AA67BF7CEABE47 /* Pods-InstagramFirebaseTests.debug.xcconfig */ = {isa = PBXFileReference; includeInIndex = 1; lastKnownFileType = text.xcconfig; name = "Pods-InstagramFirebaseTests.debug.xcconfig"; path = "Pods/Target Support Files/Pods-InstagramFirebaseTests/Pods-InstagramFirebaseTests.debug.xcconfig"; sourceTree = "<group>"; };
		DDAB80B3A11713C5048431B9 /* Pods-InstagramFirebase.release.xcconfig */ = {isa = PBXFileReference; includeInIndex = 1; lastKnownFileType = text.xcconfig; name = "Pods-InstagramFirebase.release.xcconfig"; path = "Pods/Target Support Files/Pods-InstagramFirebase/Pods-InstagramFirebase.release.xcconfig"; sourceTree = "<group>"; };
		ECEE3B43A7196DE1338C9FDB /* Pods-InstagramFirebaseUITests.debug.xcconfig */ = {isa = PBXFileReference; includeInIndex = 1; lastKnownFileType = text.xcconfig; name = "Pods-InstagramFirebaseUITests.debug.xcconfig"; path = "Pods/Target Support Files/Pods-InstagramFirebaseUITests/Pods-InstagramFirebaseUITests.debug.xcconfig"; sourceTree = "<group>"; };
/* End PBXFileReference section */

/* Begin PBXFrameworksBuildPhase section */
		5AFBF1971F06CD3000CA335D /* Frameworks */ = {
			isa = PBXFrameworksBuildPhase;
			buildActionMask = 2147483647;
			files = (
				50A143927566A68C3914DCD3 /* Pods_InstagramFirebase.framework in Frameworks */,
			);
			runOnlyForDeploymentPostprocessing = 0;
		};
		5AFBF1AB1F06CD3000CA335D /* Frameworks */ = {
			isa = PBXFrameworksBuildPhase;
			buildActionMask = 2147483647;
			files = (
				8A117AD1AA1980DD492B4E8C /* Pods_InstagramFirebaseTests.framework in Frameworks */,
			);
			runOnlyForDeploymentPostprocessing = 0;
		};
		5AFBF1B61F06CD3000CA335D /* Frameworks */ = {
			isa = PBXFrameworksBuildPhase;
			buildActionMask = 2147483647;
			files = (
				D6DB9C52948337E1F6597A9F /* Pods_InstagramFirebaseUITests.framework in Frameworks */,
			);
			runOnlyForDeploymentPostprocessing = 0;
		};
/* End PBXFrameworksBuildPhase section */

/* Begin PBXGroup section */
		5A3EEB851F1285B000626949 /* UserProfile */ = {
			isa = PBXGroup;
			children = (
				5A3EEB831F127D0A00626949 /* UserProfileController.swift */,
				5A3EEB861F1285C600626949 /* UserProfileHeader.swift */,
			);
			name = UserProfile;
			sourceTree = "<group>";
		};
		5AFBF1911F06CD3000CA335D = {
			isa = PBXGroup;
			children = (
				5AFBF19C1F06CD3000CA335D /* InstagramFirebase */,
				5AFBF1B11F06CD3000CA335D /* InstagramFirebaseTests */,
				5AFBF1BC1F06CD3000CA335D /* InstagramFirebaseUITests */,
				5AFBF19B1F06CD3000CA335D /* Products */,
				9855F0A767C57EDB156EE298 /* Pods */,
				F5CD44795F45BF2628D716EE /* Frameworks */,
			);
			sourceTree = "<group>";
		};
		5AFBF19B1F06CD3000CA335D /* Products */ = {
			isa = PBXGroup;
			children = (
				5AFBF19A1F06CD3000CA335D /* InstagramFirebase.app */,
				5AFBF1AE1F06CD3000CA335D /* InstagramFirebaseTests.xctest */,
				5AFBF1B91F06CD3000CA335D /* InstagramFirebaseUITests.xctest */,
			);
			name = Products;
			sourceTree = "<group>";
		};
		5AFBF19C1F06CD3000CA335D /* InstagramFirebase */ = {
			isa = PBXGroup;
			children = (
				5A3EEB851F1285B000626949 /* UserProfile */,
				5AFBF1CB1F06D7FA00CA335D /* Utils */,
				5AFBF19D1F06CD3000CA335D /* AppDelegate.swift */,
				5A3EEB811F127C2200626949 /* MainTabBarController.swift */,
				5AFBF19F1F06CD3000CA335D /* ViewController.swift */,
				5A3EEB881F128F5000626949 /* User.swift */,
				5AFBF1A11F06CD3000CA335D /* Main.storyboard */,
				5AFBF1A41F06CD3000CA335D /* Assets.xcassets */,
				5AFBF1A61F06CD3000CA335D /* LaunchScreen.storyboard */,
				5AFBF1A91F06CD3000CA335D /* Info.plist */,
				5AFBF1CE1F06E03100CA335D /* GoogleService-Info.plist */,
			);
			path = InstagramFirebase;
			sourceTree = "<group>";
		};
		5AFBF1B11F06CD3000CA335D /* InstagramFirebaseTests */ = {
			isa = PBXGroup;
			children = (
				5AFBF1B21F06CD3000CA335D /* InstagramFirebaseTests.swift */,
				5AFBF1B41F06CD3000CA335D /* Info.plist */,
			);
			path = InstagramFirebaseTests;
			sourceTree = "<group>";
		};
		5AFBF1BC1F06CD3000CA335D /* InstagramFirebaseUITests */ = {
			isa = PBXGroup;
			children = (
				5AFBF1BD1F06CD3000CA335D /* InstagramFirebaseUITests.swift */,
				5AFBF1BF1F06CD3000CA335D /* Info.plist */,
			);
			path = InstagramFirebaseUITests;
			sourceTree = "<group>";
		};
		5AFBF1CB1F06D7FA00CA335D /* Utils */ = {
			isa = PBXGroup;
			children = (
				5AFBF1CC1F06D81A00CA335D /* Extensions.swift */,
			);
			name = Utils;
			sourceTree = "<group>";
		};
		9855F0A767C57EDB156EE298 /* Pods */ = {
			isa = PBXGroup;
			children = (
				7FD058FD19F02B260C847EB3 /* Pods-InstagramFirebase.debug.xcconfig */,
				DDAB80B3A11713C5048431B9 /* Pods-InstagramFirebase.release.xcconfig */,
				D5ECE2B658AA67BF7CEABE47 /* Pods-InstagramFirebaseTests.debug.xcconfig */,
				AD578CB4800216CBDD825E84 /* Pods-InstagramFirebaseTests.release.xcconfig */,
				ECEE3B43A7196DE1338C9FDB /* Pods-InstagramFirebaseUITests.debug.xcconfig */,
				3721FAD6DE047D84B3335B58 /* Pods-InstagramFirebaseUITests.release.xcconfig */,
			);
			name = Pods;
			sourceTree = "<group>";
		};
		F5CD44795F45BF2628D716EE /* Frameworks */ = {
			isa = PBXGroup;
			children = (
				C15CFF6F72CFD2FFC52F74DE /* Pods_InstagramFirebase.framework */,
				00E6DE0F5B8EA5158C18EE59 /* Pods_InstagramFirebaseTests.framework */,
				8CE2C11093112D93A84B7861 /* Pods_InstagramFirebaseUITests.framework */,
			);
			name = Frameworks;
			sourceTree = "<group>";
		};
/* End PBXGroup section */

/* Begin PBXNativeTarget section */
		5AFBF1991F06CD3000CA335D /* InstagramFirebase */ = {
			isa = PBXNativeTarget;
			buildConfigurationList = 5AFBF1C21F06CD3000CA335D /* Build configuration list for PBXNativeTarget "InstagramFirebase" */;
			buildPhases = (
				C73984E308161FF56DA75716 /* [CP] Check Pods Manifest.lock */,
				5AFBF1961F06CD3000CA335D /* Sources */,
				5AFBF1971F06CD3000CA335D /* Frameworks */,
				5AFBF1981F06CD3000CA335D /* Resources */,
				C933019FF86A9CF1301891A0 /* [CP] Embed Pods Frameworks */,
				03D45315C9198E1C1E6B1526 /* [CP] Copy Pods Resources */,
			);
			buildRules = (
			);
			dependencies = (
			);
			name = InstagramFirebase;
			productName = InstagramFirebase;
			productReference = 5AFBF19A1F06CD3000CA335D /* InstagramFirebase.app */;
			productType = "com.apple.product-type.application";
		};
		5AFBF1AD1F06CD3000CA335D /* InstagramFirebaseTests */ = {
			isa = PBXNativeTarget;
			buildConfigurationList = 5AFBF1C51F06CD3000CA335D /* Build configuration list for PBXNativeTarget "InstagramFirebaseTests" */;
			buildPhases = (
				49504C97B89418BB948E5B44 /* [CP] Check Pods Manifest.lock */,
				5AFBF1AA1F06CD3000CA335D /* Sources */,
				5AFBF1AB1F06CD3000CA335D /* Frameworks */,
				5AFBF1AC1F06CD3000CA335D /* Resources */,
				E2E4F86055C35EB56D4FCB5D /* [CP] Embed Pods Frameworks */,
				C603ECA8EB67CD5ABFC6F02D /* [CP] Copy Pods Resources */,
			);
			buildRules = (
			);
			dependencies = (
				5AFBF1B01F06CD3000CA335D /* PBXTargetDependency */,
			);
			name = InstagramFirebaseTests;
			productName = InstagramFirebaseTests;
			productReference = 5AFBF1AE1F06CD3000CA335D /* InstagramFirebaseTests.xctest */;
			productType = "com.apple.product-type.bundle.unit-test";
		};
		5AFBF1B81F06CD3000CA335D /* InstagramFirebaseUITests */ = {
			isa = PBXNativeTarget;
			buildConfigurationList = 5AFBF1C81F06CD3000CA335D /* Build configuration list for PBXNativeTarget "InstagramFirebaseUITests" */;
			buildPhases = (
				1182677E87E265D4B98820B8 /* [CP] Check Pods Manifest.lock */,
				5AFBF1B51F06CD3000CA335D /* Sources */,
				5AFBF1B61F06CD3000CA335D /* Frameworks */,
				5AFBF1B71F06CD3000CA335D /* Resources */,
				1FBCD6B2AA57975F0ED8CA61 /* [CP] Embed Pods Frameworks */,
				5BEB25EF25A81B1574A176B8 /* [CP] Copy Pods Resources */,
			);
			buildRules = (
			);
			dependencies = (
				5AFBF1BB1F06CD3000CA335D /* PBXTargetDependency */,
			);
			name = InstagramFirebaseUITests;
			productName = InstagramFirebaseUITests;
			productReference = 5AFBF1B91F06CD3000CA335D /* InstagramFirebaseUITests.xctest */;
			productType = "com.apple.product-type.bundle.ui-testing";
		};
/* End PBXNativeTarget section */

/* Begin PBXProject section */
		5AFBF1921F06CD3000CA335D /* Project object */ = {
			isa = PBXProject;
			attributes = {
				LastSwiftUpdateCheck = 0830;
				LastUpgradeCheck = 0830;
				ORGANIZATIONNAME = "Christopher Paterson";
				TargetAttributes = {
					5AFBF1991F06CD3000CA335D = {
						CreatedOnToolsVersion = 8.3.3;
						DevelopmentTeam = R8W4J98NNX;
						ProvisioningStyle = Automatic;
					};
					5AFBF1AD1F06CD3000CA335D = {
						CreatedOnToolsVersion = 8.3.3;
						DevelopmentTeam = R8W4J98NNX;
						ProvisioningStyle = Automatic;
						TestTargetID = 5AFBF1991F06CD3000CA335D;
					};
					5AFBF1B81F06CD3000CA335D = {
						CreatedOnToolsVersion = 8.3.3;
						DevelopmentTeam = R8W4J98NNX;
						ProvisioningStyle = Automatic;
						TestTargetID = 5AFBF1991F06CD3000CA335D;
					};
				};
			};
			buildConfigurationList = 5AFBF1951F06CD3000CA335D /* Build configuration list for PBXProject "InstagramFirebase" */;
			compatibilityVersion = "Xcode 3.2";
			developmentRegion = English;
			hasScannedForEncodings = 0;
			knownRegions = (
				en,
				Base,
			);
			mainGroup = 5AFBF1911F06CD3000CA335D;
			productRefGroup = 5AFBF19B1F06CD3000CA335D /* Products */;
			projectDirPath = "";
			projectRoot = "";
			targets = (
				5AFBF1991F06CD3000CA335D /* InstagramFirebase */,
				5AFBF1AD1F06CD3000CA335D /* InstagramFirebaseTests */,
				5AFBF1B81F06CD3000CA335D /* InstagramFirebaseUITests */,
			);
		};
/* End PBXProject section */

/* Begin PBXResourcesBuildPhase section */
		5AFBF1981F06CD3000CA335D /* Resources */ = {
			isa = PBXResourcesBuildPhase;
			buildActionMask = 2147483647;
			files = (
				5AFBF1A81F06CD3000CA335D /* LaunchScreen.storyboard in Resources */,
				5AFBF1CF1F06E03100CA335D /* GoogleService-Info.plist in Resources */,
				5AFBF1A51F06CD3000CA335D /* Assets.xcassets in Resources */,
				5AFBF1A31F06CD3000CA335D /* Main.storyboard in Resources */,
			);
			runOnlyForDeploymentPostprocessing = 0;
		};
		5AFBF1AC1F06CD3000CA335D /* Resources */ = {
			isa = PBXResourcesBuildPhase;
			buildActionMask = 2147483647;
			files = (
			);
			runOnlyForDeploymentPostprocessing = 0;
		};
		5AFBF1B71F06CD3000CA335D /* Resources */ = {
			isa = PBXResourcesBuildPhase;
			buildActionMask = 2147483647;
			files = (
			);
			runOnlyForDeploymentPostprocessing = 0;
		};
/* End PBXResourcesBuildPhase section */

/* Begin PBXShellScriptBuildPhase section */
		03D45315C9198E1C1E6B1526 /* [CP] Copy Pods Resources */ = {
			isa = PBXShellScriptBuildPhase;
			buildActionMask = 2147483647;
			files = (
			);
			inputPaths = (
			);
			name = "[CP] Copy Pods Resources";
			outputPaths = (
			);
			runOnlyForDeploymentPostprocessing = 0;
			shellPath = /bin/sh;
			shellScript = "\"${SRCROOT}/Pods/Target Support Files/Pods-InstagramFirebase/Pods-InstagramFirebase-resources.sh\"\n";
			showEnvVarsInLog = 0;
		};
		1182677E87E265D4B98820B8 /* [CP] Check Pods Manifest.lock */ = {
			isa = PBXShellScriptBuildPhase;
			buildActionMask = 2147483647;
			files = (
			);
			inputPaths = (
			);
			name = "[CP] Check Pods Manifest.lock";
			outputPaths = (
			);
			runOnlyForDeploymentPostprocessing = 0;
			shellPath = /bin/sh;
			shellScript = "diff \"${PODS_ROOT}/../Podfile.lock\" \"${PODS_ROOT}/Manifest.lock\" > /dev/null\nif [ $? != 0 ] ; then\n    # print error to STDERR\n    echo \"error: The sandbox is not in sync with the Podfile.lock. Run 'pod install' or update your CocoaPods installation.\" >&2\n    exit 1\nfi\n";
			showEnvVarsInLog = 0;
		};
		1FBCD6B2AA57975F0ED8CA61 /* [CP] Embed Pods Frameworks */ = {
			isa = PBXShellScriptBuildPhase;
			buildActionMask = 2147483647;
			files = (
			);
			inputPaths = (
			);
			name = "[CP] Embed Pods Frameworks";
			outputPaths = (
			);
			runOnlyForDeploymentPostprocessing = 0;
			shellPath = /bin/sh;
			shellScript = "\"${SRCROOT}/Pods/Target Support Files/Pods-InstagramFirebaseUITests/Pods-InstagramFirebaseUITests-frameworks.sh\"\n";
			showEnvVarsInLog = 0;
		};
		49504C97B89418BB948E5B44 /* [CP] Check Pods Manifest.lock */ = {
			isa = PBXShellScriptBuildPhase;
			buildActionMask = 2147483647;
			files = (
			);
			inputPaths = (
			);
			name = "[CP] Check Pods Manifest.lock";
			outputPaths = (
			);
			runOnlyForDeploymentPostprocessing = 0;
			shellPath = /bin/sh;
			shellScript = "diff \"${PODS_ROOT}/../Podfile.lock\" \"${PODS_ROOT}/Manifest.lock\" > /dev/null\nif [ $? != 0 ] ; then\n    # print error to STDERR\n    echo \"error: The sandbox is not in sync with the Podfile.lock. Run 'pod install' or update your CocoaPods installation.\" >&2\n    exit 1\nfi\n";
			showEnvVarsInLog = 0;
		};
		5BEB25EF25A81B1574A176B8 /* [CP] Copy Pods Resources */ = {
			isa = PBXShellScriptBuildPhase;
			buildActionMask = 2147483647;
			files = (
			);
			inputPaths = (
			);
			name = "[CP] Copy Pods Resources";
			outputPaths = (
			);
			runOnlyForDeploymentPostprocessing = 0;
			shellPath = /bin/sh;
			shellScript = "\"${SRCROOT}/Pods/Target Support Files/Pods-InstagramFirebaseUITests/Pods-InstagramFirebaseUITests-resources.sh\"\n";
			showEnvVarsInLog = 0;
		};
		C603ECA8EB67CD5ABFC6F02D /* [CP] Copy Pods Resources */ = {
			isa = PBXShellScriptBuildPhase;
			buildActionMask = 2147483647;
			files = (
			);
			inputPaths = (
			);
			name = "[CP] Copy Pods Resources";
			outputPaths = (
			);
			runOnlyForDeploymentPostprocessing = 0;
			shellPath = /bin/sh;
			shellScript = "\"${SRCROOT}/Pods/Target Support Files/Pods-InstagramFirebaseTests/Pods-InstagramFirebaseTests-resources.sh\"\n";
			showEnvVarsInLog = 0;
		};
		C73984E308161FF56DA75716 /* [CP] Check Pods Manifest.lock */ = {
			isa = PBXShellScriptBuildPhase;
			buildActionMask = 2147483647;
			files = (
			);
			inputPaths = (
			);
			name = "[CP] Check Pods Manifest.lock";
			outputPaths = (
			);
			runOnlyForDeploymentPostprocessing = 0;
			shellPath = /bin/sh;
			shellScript = "diff \"${PODS_ROOT}/../Podfile.lock\" \"${PODS_ROOT}/Manifest.lock\" > /dev/null\nif [ $? != 0 ] ; then\n    # print error to STDERR\n    echo \"error: The sandbox is not in sync with the Podfile.lock. Run 'pod install' or update your CocoaPods installation.\" >&2\n    exit 1\nfi\n";
			showEnvVarsInLog = 0;
		};
		C933019FF86A9CF1301891A0 /* [CP] Embed Pods Frameworks */ = {
			isa = PBXShellScriptBuildPhase;
			buildActionMask = 2147483647;
			files = (
			);
			inputPaths = (
			);
			name = "[CP] Embed Pods Frameworks";
			outputPaths = (
			);
			runOnlyForDeploymentPostprocessing = 0;
			shellPath = /bin/sh;
			shellScript = "\"${SRCROOT}/Pods/Target Support Files/Pods-InstagramFirebase/Pods-InstagramFirebase-frameworks.sh\"\n";
			showEnvVarsInLog = 0;
		};
		E2E4F86055C35EB56D4FCB5D /* [CP] Embed Pods Frameworks */ = {
			isa = PBXShellScriptBuildPhase;
			buildActionMask = 2147483647;
			files = (
			);
			inputPaths = (
			);
			name = "[CP] Embed Pods Frameworks";
			outputPaths = (
			);
			runOnlyForDeploymentPostprocessing = 0;
			shellPath = /bin/sh;
			shellScript = "\"${SRCROOT}/Pods/Target Support Files/Pods-InstagramFirebaseTests/Pods-InstagramFirebaseTests-frameworks.sh\"\n";
			showEnvVarsInLog = 0;
		};
/* End PBXShellScriptBuildPhase section */

/* Begin PBXSourcesBuildPhase section */
		5AFBF1961F06CD3000CA335D /* Sources */ = {
			isa = PBXSourcesBuildPhase;
			buildActionMask = 2147483647;
			files = (
				5AFBF1A01F06CD3000CA335D /* ViewController.swift in Sources */,
				5AFBF1CD1F06D81A00CA335D /* Extensions.swift in Sources */,
				5A3EEB821F127C2200626949 /* MainTabBarController.swift in Sources */,
				5A3EEB871F1285C600626949 /* UserProfileHeader.swift in Sources */,
				5A3EEB841F127D0A00626949 /* UserProfileController.swift in Sources */,
				5AFBF19E1F06CD3000CA335D /* AppDelegate.swift in Sources */,
				5A3EEB891F128F5000626949 /* User.swift in Sources */,
			);
			runOnlyForDeploymentPostprocessing = 0;
		};
		5AFBF1AA1F06CD3000CA335D /* Sources */ = {
			isa = PBXSourcesBuildPhase;
			buildActionMask = 2147483647;
			files = (
				5AFBF1B31F06CD3000CA335D /* InstagramFirebaseTests.swift in Sources */,
			);
			runOnlyForDeploymentPostprocessing = 0;
		};
		5AFBF1B51F06CD3000CA335D /* Sources */ = {
			isa = PBXSourcesBuildPhase;
			buildActionMask = 2147483647;
			files = (
				5AFBF1BE1F06CD3000CA335D /* InstagramFirebaseUITests.swift in Sources */,
			);
			runOnlyForDeploymentPostprocessing = 0;
		};
/* End PBXSourcesBuildPhase section */

/* Begin PBXTargetDependency section */
		5AFBF1B01F06CD3000CA335D /* PBXTargetDependency */ = {
			isa = PBXTargetDependency;
			target = 5AFBF1991F06CD3000CA335D /* InstagramFirebase */;
			targetProxy = 5AFBF1AF1F06CD3000CA335D /* PBXContainerItemProxy */;
		};
		5AFBF1BB1F06CD3000CA335D /* PBXTargetDependency */ = {
			isa = PBXTargetDependency;
			target = 5AFBF1991F06CD3000CA335D /* InstagramFirebase */;
			targetProxy = 5AFBF1BA1F06CD3000CA335D /* PBXContainerItemProxy */;
		};
/* End PBXTargetDependency section */

/* Begin PBXVariantGroup section */
		5AFBF1A11F06CD3000CA335D /* Main.storyboard */ = {
			isa = PBXVariantGroup;
			children = (
				5AFBF1A21F06CD3000CA335D /* Base */,
			);
			name = Main.storyboard;
			sourceTree = "<group>";
		};
		5AFBF1A61F06CD3000CA335D /* LaunchScreen.storyboard */ = {
			isa = PBXVariantGroup;
			children = (
				5AFBF1A71F06CD3000CA335D /* Base */,
			);
			name = LaunchScreen.storyboard;
			sourceTree = "<group>";
		};
/* End PBXVariantGroup section */

/* Begin XCBuildConfiguration section */
		5AFBF1C01F06CD3000CA335D /* Debug */ = {
			isa = XCBuildConfiguration;
			buildSettings = {
				ALWAYS_SEARCH_USER_PATHS = NO;
				CLANG_ANALYZER_NONNULL = YES;
				CLANG_ANALYZER_NUMBER_OBJECT_CONVERSION = YES_AGGRESSIVE;
				CLANG_CXX_LANGUAGE_STANDARD = "gnu++0x";
				CLANG_CXX_LIBRARY = "libc++";
				CLANG_ENABLE_MODULES = YES;
				CLANG_ENABLE_OBJC_ARC = YES;
				CLANG_WARN_BOOL_CONVERSION = YES;
				CLANG_WARN_CONSTANT_CONVERSION = YES;
				CLANG_WARN_DIRECT_OBJC_ISA_USAGE = YES_ERROR;
				CLANG_WARN_DOCUMENTATION_COMMENTS = YES;
				CLANG_WARN_EMPTY_BODY = YES;
				CLANG_WARN_ENUM_CONVERSION = YES;
				CLANG_WARN_INFINITE_RECURSION = YES;
				CLANG_WARN_INT_CONVERSION = YES;
				CLANG_WARN_OBJC_ROOT_CLASS = YES_ERROR;
				CLANG_WARN_SUSPICIOUS_MOVE = YES;
				CLANG_WARN_UNREACHABLE_CODE = YES;
				CLANG_WARN__DUPLICATE_METHOD_MATCH = YES;
				"CODE_SIGN_IDENTITY[sdk=iphoneos*]" = "iPhone Developer";
				COPY_PHASE_STRIP = NO;
				DEBUG_INFORMATION_FORMAT = dwarf;
				ENABLE_STRICT_OBJC_MSGSEND = YES;
				ENABLE_TESTABILITY = YES;
				GCC_C_LANGUAGE_STANDARD = gnu99;
				GCC_DYNAMIC_NO_PIC = NO;
				GCC_NO_COMMON_BLOCKS = YES;
				GCC_OPTIMIZATION_LEVEL = 0;
				GCC_PREPROCESSOR_DEFINITIONS = (
					"DEBUG=1",
					"$(inherited)",
				);
				GCC_WARN_64_TO_32_BIT_CONVERSION = YES;
				GCC_WARN_ABOUT_RETURN_TYPE = YES_ERROR;
				GCC_WARN_UNDECLARED_SELECTOR = YES;
				GCC_WARN_UNINITIALIZED_AUTOS = YES_AGGRESSIVE;
				GCC_WARN_UNUSED_FUNCTION = YES;
				GCC_WARN_UNUSED_VARIABLE = YES;
				IPHONEOS_DEPLOYMENT_TARGET = 10.3;
				MTL_ENABLE_DEBUG_INFO = YES;
				ONLY_ACTIVE_ARCH = YES;
				SDKROOT = iphoneos;
				SWIFT_ACTIVE_COMPILATION_CONDITIONS = DEBUG;
				SWIFT_OPTIMIZATION_LEVEL = "-Onone";
				TARGETED_DEVICE_FAMILY = "1,2";
			};
			name = Debug;
		};
		5AFBF1C11F06CD3000CA335D /* Release */ = {
			isa = XCBuildConfiguration;
			buildSettings = {
				ALWAYS_SEARCH_USER_PATHS = NO;
				CLANG_ANALYZER_NONNULL = YES;
				CLANG_ANALYZER_NUMBER_OBJECT_CONVERSION = YES_AGGRESSIVE;
				CLANG_CXX_LANGUAGE_STANDARD = "gnu++0x";
				CLANG_CXX_LIBRARY = "libc++";
				CLANG_ENABLE_MODULES = YES;
				CLANG_ENABLE_OBJC_ARC = YES;
				CLANG_WARN_BOOL_CONVERSION = YES;
				CLANG_WARN_CONSTANT_CONVERSION = YES;
				CLANG_WARN_DIRECT_OBJC_ISA_USAGE = YES_ERROR;
				CLANG_WARN_DOCUMENTATION_COMMENTS = YES;
				CLANG_WARN_EMPTY_BODY = YES;
				CLANG_WARN_ENUM_CONVERSION = YES;
				CLANG_WARN_INFINITE_RECURSION = YES;
				CLANG_WARN_INT_CONVERSION = YES;
				CLANG_WARN_OBJC_ROOT_CLASS = YES_ERROR;
				CLANG_WARN_SUSPICIOUS_MOVE = YES;
				CLANG_WARN_UNREACHABLE_CODE = YES;
				CLANG_WARN__DUPLICATE_METHOD_MATCH = YES;
				"CODE_SIGN_IDENTITY[sdk=iphoneos*]" = "iPhone Developer";
				COPY_PHASE_STRIP = NO;
				DEBUG_INFORMATION_FORMAT = "dwarf-with-dsym";
				ENABLE_NS_ASSERTIONS = NO;
				ENABLE_STRICT_OBJC_MSGSEND = YES;
				GCC_C_LANGUAGE_STANDARD = gnu99;
				GCC_NO_COMMON_BLOCKS = YES;
				GCC_WARN_64_TO_32_BIT_CONVERSION = YES;
				GCC_WARN_ABOUT_RETURN_TYPE = YES_ERROR;
				GCC_WARN_UNDECLARED_SELECTOR = YES;
				GCC_WARN_UNINITIALIZED_AUTOS = YES_AGGRESSIVE;
				GCC_WARN_UNUSED_FUNCTION = YES;
				GCC_WARN_UNUSED_VARIABLE = YES;
				IPHONEOS_DEPLOYMENT_TARGET = 10.3;
				MTL_ENABLE_DEBUG_INFO = NO;
				SDKROOT = iphoneos;
				SWIFT_OPTIMIZATION_LEVEL = "-Owholemodule";
				TARGETED_DEVICE_FAMILY = "1,2";
				VALIDATE_PRODUCT = YES;
			};
			name = Release;
		};
		5AFBF1C31F06CD3000CA335D /* Debug */ = {
			isa = XCBuildConfiguration;
			baseConfigurationReference = 7FD058FD19F02B260C847EB3 /* Pods-InstagramFirebase.debug.xcconfig */;
			buildSettings = {
				ASSETCATALOG_COMPILER_APPICON_NAME = AppIcon;
				DEVELOPMENT_TEAM = R8W4J98NNX;
				INFOPLIST_FILE = InstagramFirebase/Info.plist;
				LD_RUNPATH_SEARCH_PATHS = "$(inherited) @executable_path/Frameworks";
				PRODUCT_BUNDLE_IDENTIFIER = "github.com.chris-paterson.InstagramFirebase";
				PRODUCT_NAME = "$(TARGET_NAME)";
				SWIFT_VERSION = 3.0;
			};
			name = Debug;
		};
		5AFBF1C41F06CD3000CA335D /* Release */ = {
			isa = XCBuildConfiguration;
			baseConfigurationReference = DDAB80B3A11713C5048431B9 /* Pods-InstagramFirebase.release.xcconfig */;
			buildSettings = {
				ASSETCATALOG_COMPILER_APPICON_NAME = AppIcon;
				DEVELOPMENT_TEAM = R8W4J98NNX;
				INFOPLIST_FILE = InstagramFirebase/Info.plist;
				LD_RUNPATH_SEARCH_PATHS = "$(inherited) @executable_path/Frameworks";
				PRODUCT_BUNDLE_IDENTIFIER = "github.com.chris-paterson.InstagramFirebase";
				PRODUCT_NAME = "$(TARGET_NAME)";
				SWIFT_VERSION = 3.0;
			};
			name = Release;
		};
		5AFBF1C61F06CD3000CA335D /* Debug */ = {
			isa = XCBuildConfiguration;
			baseConfigurationReference = D5ECE2B658AA67BF7CEABE47 /* Pods-InstagramFirebaseTests.debug.xcconfig */;
			buildSettings = {
				ALWAYS_EMBED_SWIFT_STANDARD_LIBRARIES = YES;
				BUNDLE_LOADER = "$(TEST_HOST)";
				DEVELOPMENT_TEAM = R8W4J98NNX;
				INFOPLIST_FILE = InstagramFirebaseTests/Info.plist;
				LD_RUNPATH_SEARCH_PATHS = "$(inherited) @executable_path/Frameworks @loader_path/Frameworks";
				PRODUCT_BUNDLE_IDENTIFIER = "github.com.chris-paterson.InstagramFirebaseTests";
				PRODUCT_NAME = "$(TARGET_NAME)";
				SWIFT_VERSION = 3.0;
				TEST_HOST = "$(BUILT_PRODUCTS_DIR)/InstagramFirebase.app/InstagramFirebase";
			};
			name = Debug;
		};
		5AFBF1C71F06CD3000CA335D /* Release */ = {
			isa = XCBuildConfiguration;
			baseConfigurationReference = AD578CB4800216CBDD825E84 /* Pods-InstagramFirebaseTests.release.xcconfig */;
			buildSettings = {
				ALWAYS_EMBED_SWIFT_STANDARD_LIBRARIES = YES;
				BUNDLE_LOADER = "$(TEST_HOST)";
				DEVELOPMENT_TEAM = R8W4J98NNX;
				INFOPLIST_FILE = InstagramFirebaseTests/Info.plist;
				LD_RUNPATH_SEARCH_PATHS = "$(inherited) @executable_path/Frameworks @loader_path/Frameworks";
				PRODUCT_BUNDLE_IDENTIFIER = "github.com.chris-paterson.InstagramFirebaseTests";
				PRODUCT_NAME = "$(TARGET_NAME)";
				SWIFT_VERSION = 3.0;
				TEST_HOST = "$(BUILT_PRODUCTS_DIR)/InstagramFirebase.app/InstagramFirebase";
			};
			name = Release;
		};
		5AFBF1C91F06CD3000CA335D /* Debug */ = {
			isa = XCBuildConfiguration;
			baseConfigurationReference = ECEE3B43A7196DE1338C9FDB /* Pods-InstagramFirebaseUITests.debug.xcconfig */;
			buildSettings = {
				ALWAYS_EMBED_SWIFT_STANDARD_LIBRARIES = YES;
				DEVELOPMENT_TEAM = R8W4J98NNX;
				INFOPLIST_FILE = InstagramFirebaseUITests/Info.plist;
				LD_RUNPATH_SEARCH_PATHS = "$(inherited) @executable_path/Frameworks @loader_path/Frameworks";
				PRODUCT_BUNDLE_IDENTIFIER = "github.com.chris-paterson.InstagramFirebaseUITests";
				PRODUCT_NAME = "$(TARGET_NAME)";
				SWIFT_VERSION = 3.0;
				TEST_TARGET_NAME = InstagramFirebase;
			};
			name = Debug;
		};
		5AFBF1CA1F06CD3000CA335D /* Release */ = {
			isa = XCBuildConfiguration;
			baseConfigurationReference = 3721FAD6DE047D84B3335B58 /* Pods-InstagramFirebaseUITests.release.xcconfig */;
			buildSettings = {
				ALWAYS_EMBED_SWIFT_STANDARD_LIBRARIES = YES;
				DEVELOPMENT_TEAM = R8W4J98NNX;
				INFOPLIST_FILE = InstagramFirebaseUITests/Info.plist;
				LD_RUNPATH_SEARCH_PATHS = "$(inherited) @executable_path/Frameworks @loader_path/Frameworks";
				PRODUCT_BUNDLE_IDENTIFIER = "github.com.chris-paterson.InstagramFirebaseUITests";
				PRODUCT_NAME = "$(TARGET_NAME)";
				SWIFT_VERSION = 3.0;
				TEST_TARGET_NAME = InstagramFirebase;
			};
			name = Release;
		};
/* End XCBuildConfiguration section */

/* Begin XCConfigurationList section */
		5AFBF1951F06CD3000CA335D /* Build configuration list for PBXProject "InstagramFirebase" */ = {
			isa = XCConfigurationList;
			buildConfigurations = (
				5AFBF1C01F06CD3000CA335D /* Debug */,
				5AFBF1C11F06CD3000CA335D /* Release */,
			);
			defaultConfigurationIsVisible = 0;
			defaultConfigurationName = Release;
		};
		5AFBF1C21F06CD3000CA335D /* Build configuration list for PBXNativeTarget "InstagramFirebase" */ = {
			isa = XCConfigurationList;
			buildConfigurations = (
				5AFBF1C31F06CD3000CA335D /* Debug */,
				5AFBF1C41F06CD3000CA335D /* Release */,
			);
			defaultConfigurationIsVisible = 0;
			defaultConfigurationName = Release;
		};
		5AFBF1C51F06CD3000CA335D /* Build configuration list for PBXNativeTarget "InstagramFirebaseTests" */ = {
			isa = XCConfigurationList;
			buildConfigurations = (
				5AFBF1C61F06CD3000CA335D /* Debug */,
				5AFBF1C71F06CD3000CA335D /* Release */,
			);
			defaultConfigurationIsVisible = 0;
			defaultConfigurationName = Release;
		};
		5AFBF1C81F06CD3000CA335D /* Build configuration list for PBXNativeTarget "InstagramFirebaseUITests" */ = {
			isa = XCConfigurationList;
			buildConfigurations = (
				5AFBF1C91F06CD3000CA335D /* Debug */,
				5AFBF1CA1F06CD3000CA335D /* Release */,
			);
			defaultConfigurationIsVisible = 0;
			defaultConfigurationName = Release;
		};
/* End XCConfigurationList section */
	};
	rootObject = 5AFBF1921F06CD3000CA335D /* Project object */;
}
